// !$*UTF8*$!
{
	archiveVersion = 1;
	classes = {
	};
	objectVersion = 51;
	objects = {

/* Begin PBXBuildFile section */
		5F8BB5DD43B913EC4FC3A7A6 /* Pods_Jokes.framework in Frameworks */ = {isa = PBXBuildFile; fileRef = 66CF00E3D28B2913679F86EF /* Pods_Jokes.framework */; };
		ED11B94F2448972000856AB9 /* RateManager.swift in Sources */ = {isa = PBXBuildFile; fileRef = ED11B94E2448972000856AB9 /* RateManager.swift */; };
		ED3154EA24460F4300A96512 /* UICollectionView + extention.swift in Sources */ = {isa = PBXBuildFile; fileRef = ED3154E924460F4300A96512 /* UICollectionView + extention.swift */; };
		ED3154EC244611FF00A96512 /* UICollectionViewFlowLayout + extention.swift in Sources */ = {isa = PBXBuildFile; fileRef = ED3154EB244611FF00A96512 /* UICollectionViewFlowLayout + extention.swift */; };
		ED3154F124461B4300A96512 /* UIViewController + extention.swift in Sources */ = {isa = PBXBuildFile; fileRef = ED3154F024461B4300A96512 /* UIViewController + extention.swift */; };
		ED39AFFA243DF43A00133DA3 /* ContentCVCell.swift in Sources */ = {isa = PBXBuildFile; fileRef = ED39AFF9243DF43A00133DA3 /* ContentCVCell.swift */; };
		ED4128A7244DBD0900EC610C /* notificationCenterName.swift in Sources */ = {isa = PBXBuildFile; fileRef = ED4128A6244DBD0900EC610C /* notificationCenterName.swift */; };
		ED64D4E1243CD225009E3EB2 /* cellModel.swift in Sources */ = {isa = PBXBuildFile; fileRef = ED64D4E0243CD225009E3EB2 /* cellModel.swift */; };
		ED64D4E3243CDAB6009E3EB2 /* GoogleService-Info.plist in Resources */ = {isa = PBXBuildFile; fileRef = ED64D4E2243CDAB6009E3EB2 /* GoogleService-Info.plist */; };
		ED64D4E5243CDE26009E3EB2 /* Server.swift in Sources */ = {isa = PBXBuildFile; fileRef = ED64D4E4243CDE26009E3EB2 /* Server.swift */; };
		ED64D4E7243CDEDF009E3EB2 /* UITextField + extention.swift in Sources */ = {isa = PBXBuildFile; fileRef = ED64D4E6243CDEDF009E3EB2 /* UITextField + extention.swift */; };
		ED68312A244A4D02008D3882 /* String + extention.swift in Sources */ = {isa = PBXBuildFile; fileRef = ED683129244A4D02008D3882 /* String + extention.swift */; };
		ED6E21EC2452BF0C003644F5 /* ContentViewModel.swift in Sources */ = {isa = PBXBuildFile; fileRef = ED6E21EB2452BF0C003644F5 /* ContentViewModel.swift */; };
		ED7499E0244B364A003E99DC /* RealmHelpers.swift in Sources */ = {isa = PBXBuildFile; fileRef = ED7499DF244B364A003E99DC /* RealmHelpers.swift */; };
		ED7499E2244B3A94003E99DC /* localSaveData.swift in Sources */ = {isa = PBXBuildFile; fileRef = ED7499E1244B3A94003E99DC /* localSaveData.swift */; };
		ED7499E4244B7C02003E99DC /* Sharing.swift in Sources */ = {isa = PBXBuildFile; fileRef = ED7499E3244B7C02003E99DC /* Sharing.swift */; };
		ED82D365244CAB07006657D3 /* adUnitID.swift in Sources */ = {isa = PBXBuildFile; fileRef = ED82D364244CAB07006657D3 /* adUnitID.swift */; };
		ED8E7762244E2F8A00A08BCB /* UserLocalNotifications.swift in Sources */ = {isa = PBXBuildFile; fileRef = ED8E7761244E2F8A00A08BCB /* UserLocalNotifications.swift */; };
		ED8E7764244E316100A08BCB /* userNotifications.swift in Sources */ = {isa = PBXBuildFile; fileRef = ED8E7763244E316100A08BCB /* userNotifications.swift */; };
		EDB2F3D6244218A00087D73D /* ImageScrollView.swift in Sources */ = {isa = PBXBuildFile; fileRef = EDB2F3D5244218A00087D73D /* ImageScrollView.swift */; };
		EDE3F52B2448DE6400074B94 /* Connectivity.swift in Sources */ = {isa = PBXBuildFile; fileRef = EDE3F52A2448DE6400074B94 /* Connectivity.swift */; };
		EDEF2265243A4A3100B251DC /* AppDelegate.swift in Sources */ = {isa = PBXBuildFile; fileRef = EDEF2264243A4A3100B251DC /* AppDelegate.swift */; };
		EDEF2267243A4A3100B251DC /* SceneDelegate.swift in Sources */ = {isa = PBXBuildFile; fileRef = EDEF2266243A4A3100B251DC /* SceneDelegate.swift */; };
		EDEF2269243A4A3100B251DC /* AuthViewController.swift in Sources */ = {isa = PBXBuildFile; fileRef = EDEF2268243A4A3100B251DC /* AuthViewController.swift */; };
		EDEF226E243A4A3400B251DC /* Assets.xcassets in Resources */ = {isa = PBXBuildFile; fileRef = EDEF226D243A4A3400B251DC /* Assets.xcassets */; };
		EDEF2271243A4A3400B251DC /* LaunchScreen.storyboard in Resources */ = {isa = PBXBuildFile; fileRef = EDEF226F243A4A3400B251DC /* LaunchScreen.storyboard */; };
		EDEF227B243A4AF700B251DC /* UIButton + extention.swift in Sources */ = {isa = PBXBuildFile; fileRef = EDEF227A243A4AF700B251DC /* UIButton + extention.swift */; };
		EDEF227D243A4B2900B251DC /* UIColor + extention.swift in Sources */ = {isa = PBXBuildFile; fileRef = EDEF227C243A4B2900B251DC /* UIColor + extention.swift */; };
		EDEF227F243A4B9C00B251DC /* UIFont + extention.swift in Sources */ = {isa = PBXBuildFile; fileRef = EDEF227E243A4B9C00B251DC /* UIFont + extention.swift */; };
		EDEF2281243A4BB100B251DC /* UILabel + extention.swift in Sources */ = {isa = PBXBuildFile; fileRef = EDEF2280243A4BB100B251DC /* UILabel + extention.swift */; };
		EDEF2283243A4BC800B251DC /* UIImageView + extention.swift in Sources */ = {isa = PBXBuildFile; fileRef = EDEF2282243A4BC800B251DC /* UIImageView + extention.swift */; };
		EDEF2285243A4BDB00B251DC /* UIStackView + extention.swift in Sources */ = {isa = PBXBuildFile; fileRef = EDEF2284243A4BDB00B251DC /* UIStackView + extention.swift */; };
		EDEF2287243A4DF400B251DC /* TextFieldBottonLine.swift in Sources */ = {isa = PBXBuildFile; fileRef = EDEF2286243A4DF400B251DC /* TextFieldBottonLine.swift */; };
		EDEF228B243B063600B251DC /* ContentViewController.swift in Sources */ = {isa = PBXBuildFile; fileRef = EDEF228A243B063600B251DC /* ContentViewController.swift */; };
		EDF33E76244A075E00D5E499 /* Alert.swift in Sources */ = {isa = PBXBuildFile; fileRef = EDF33E75244A075E00D5E499 /* Alert.swift */; };
/* End PBXBuildFile section */

/* Begin PBXFileReference section */
		0147E90D38C787D802F0F1BD /* Pods-Jokes.debug.xcconfig */ = {isa = PBXFileReference; includeInIndex = 1; lastKnownFileType = text.xcconfig; name = "Pods-Jokes.debug.xcconfig"; path = "Target Support Files/Pods-Jokes/Pods-Jokes.debug.xcconfig"; sourceTree = "<group>"; };
		66CF00E3D28B2913679F86EF /* Pods_Jokes.framework */ = {isa = PBXFileReference; explicitFileType = wrapper.framework; includeInIndex = 0; path = Pods_Jokes.framework; sourceTree = BUILT_PRODUCTS_DIR; };
		E613E9C47F0FF025C745F933 /* Pods-Jokes.release.xcconfig */ = {isa = PBXFileReference; includeInIndex = 1; lastKnownFileType = text.xcconfig; name = "Pods-Jokes.release.xcconfig"; path = "Target Support Files/Pods-Jokes/Pods-Jokes.release.xcconfig"; sourceTree = "<group>"; };
		ED11B94E2448972000856AB9 /* RateManager.swift */ = {isa = PBXFileReference; lastKnownFileType = sourcecode.swift; path = RateManager.swift; sourceTree = "<group>"; };
		ED3154E924460F4300A96512 /* UICollectionView + extention.swift */ = {isa = PBXFileReference; lastKnownFileType = sourcecode.swift; path = "UICollectionView + extention.swift"; sourceTree = "<group>"; };
		ED3154EB244611FF00A96512 /* UICollectionViewFlowLayout + extention.swift */ = {isa = PBXFileReference; lastKnownFileType = sourcecode.swift; path = "UICollectionViewFlowLayout + extention.swift"; sourceTree = "<group>"; };
		ED3154F024461B4300A96512 /* UIViewController + extention.swift */ = {isa = PBXFileReference; lastKnownFileType = sourcecode.swift; path = "UIViewController + extention.swift"; sourceTree = "<group>"; };
		ED39AFF9243DF43A00133DA3 /* ContentCVCell.swift */ = {isa = PBXFileReference; lastKnownFileType = sourcecode.swift; path = ContentCVCell.swift; sourceTree = "<group>"; };
		ED4128A6244DBD0900EC610C /* notificationCenterName.swift */ = {isa = PBXFileReference; lastKnownFileType = sourcecode.swift; path = notificationCenterName.swift; sourceTree = "<group>"; };
		ED64D4E0243CD225009E3EB2 /* cellModel.swift */ = {isa = PBXFileReference; lastKnownFileType = sourcecode.swift; path = cellModel.swift; sourceTree = "<group>"; };
		ED64D4E2243CDAB6009E3EB2 /* GoogleService-Info.plist */ = {isa = PBXFileReference; fileEncoding = 4; lastKnownFileType = text.plist.xml; path = "GoogleService-Info.plist"; sourceTree = "<group>"; };
		ED64D4E4243CDE26009E3EB2 /* Server.swift */ = {isa = PBXFileReference; lastKnownFileType = sourcecode.swift; path = Server.swift; sourceTree = "<group>"; };
		ED64D4E6243CDEDF009E3EB2 /* UITextField + extention.swift */ = {isa = PBXFileReference; lastKnownFileType = sourcecode.swift; path = "UITextField + extention.swift"; sourceTree = "<group>"; };
		ED683129244A4D02008D3882 /* String + extention.swift */ = {isa = PBXFileReference; lastKnownFileType = sourcecode.swift; path = "String + extention.swift"; sourceTree = "<group>"; };
		ED6E21EB2452BF0C003644F5 /* ContentViewModel.swift */ = {isa = PBXFileReference; lastKnownFileType = sourcecode.swift; path = ContentViewModel.swift; sourceTree = "<group>"; };
		ED7499DF244B364A003E99DC /* RealmHelpers.swift */ = {isa = PBXFileReference; lastKnownFileType = sourcecode.swift; path = RealmHelpers.swift; sourceTree = "<group>"; };
		ED7499E1244B3A94003E99DC /* localSaveData.swift */ = {isa = PBXFileReference; lastKnownFileType = sourcecode.swift; path = localSaveData.swift; sourceTree = "<group>"; };
		ED7499E3244B7C02003E99DC /* Sharing.swift */ = {isa = PBXFileReference; lastKnownFileType = sourcecode.swift; path = Sharing.swift; sourceTree = "<group>"; };
		ED82D364244CAB07006657D3 /* adUnitID.swift */ = {isa = PBXFileReference; lastKnownFileType = sourcecode.swift; path = adUnitID.swift; sourceTree = "<group>"; };
		ED8E7761244E2F8A00A08BCB /* UserLocalNotifications.swift */ = {isa = PBXFileReference; lastKnownFileType = sourcecode.swift; path = UserLocalNotifications.swift; sourceTree = "<group>"; };
		ED8E7763244E316100A08BCB /* userNotifications.swift */ = {isa = PBXFileReference; lastKnownFileType = sourcecode.swift; path = userNotifications.swift; sourceTree = "<group>"; };
		EDB2F3D5244218A00087D73D /* ImageScrollView.swift */ = {isa = PBXFileReference; lastKnownFileType = sourcecode.swift; path = ImageScrollView.swift; sourceTree = "<group>"; };
		EDE3F52A2448DE6400074B94 /* Connectivity.swift */ = {isa = PBXFileReference; lastKnownFileType = sourcecode.swift; path = Connectivity.swift; sourceTree = "<group>"; };
		EDEF2261243A4A3100B251DC /* Infinity meme.app */ = {isa = PBXFileReference; explicitFileType = wrapper.application; includeInIndex = 0; path = "Infinity meme.app"; sourceTree = BUILT_PRODUCTS_DIR; };
		EDEF2264243A4A3100B251DC /* AppDelegate.swift */ = {isa = PBXFileReference; lastKnownFileType = sourcecode.swift; path = AppDelegate.swift; sourceTree = "<group>"; };
		EDEF2266243A4A3100B251DC /* SceneDelegate.swift */ = {isa = PBXFileReference; lastKnownFileType = sourcecode.swift; path = SceneDelegate.swift; sourceTree = "<group>"; };
		EDEF2268243A4A3100B251DC /* AuthViewController.swift */ = {isa = PBXFileReference; lastKnownFileType = sourcecode.swift; path = AuthViewController.swift; sourceTree = "<group>"; };
		EDEF226D243A4A3400B251DC /* Assets.xcassets */ = {isa = PBXFileReference; lastKnownFileType = folder.assetcatalog; path = Assets.xcassets; sourceTree = "<group>"; };
		EDEF2270243A4A3400B251DC /* Base */ = {isa = PBXFileReference; lastKnownFileType = file.storyboard; name = Base; path = Base.lproj/LaunchScreen.storyboard; sourceTree = "<group>"; };
		EDEF2272243A4A3400B251DC /* Info.plist */ = {isa = PBXFileReference; lastKnownFileType = text.plist.xml; path = Info.plist; sourceTree = "<group>"; };
		EDEF227A243A4AF700B251DC /* UIButton + extention.swift */ = {isa = PBXFileReference; lastKnownFileType = sourcecode.swift; path = "UIButton + extention.swift"; sourceTree = "<group>"; };
		EDEF227C243A4B2900B251DC /* UIColor + extention.swift */ = {isa = PBXFileReference; lastKnownFileType = sourcecode.swift; path = "UIColor + extention.swift"; sourceTree = "<group>"; };
		EDEF227E243A4B9C00B251DC /* UIFont + extention.swift */ = {isa = PBXFileReference; lastKnownFileType = sourcecode.swift; path = "UIFont + extention.swift"; sourceTree = "<group>"; };
		EDEF2280243A4BB100B251DC /* UILabel + extention.swift */ = {isa = PBXFileReference; lastKnownFileType = sourcecode.swift; path = "UILabel + extention.swift"; sourceTree = "<group>"; };
		EDEF2282243A4BC800B251DC /* UIImageView + extention.swift */ = {isa = PBXFileReference; lastKnownFileType = sourcecode.swift; path = "UIImageView + extention.swift"; sourceTree = "<group>"; };
		EDEF2284243A4BDB00B251DC /* UIStackView + extention.swift */ = {isa = PBXFileReference; lastKnownFileType = sourcecode.swift; path = "UIStackView + extention.swift"; sourceTree = "<group>"; };
		EDEF2286243A4DF400B251DC /* TextFieldBottonLine.swift */ = {isa = PBXFileReference; lastKnownFileType = sourcecode.swift; path = TextFieldBottonLine.swift; sourceTree = "<group>"; };
		EDEF228A243B063600B251DC /* ContentViewController.swift */ = {isa = PBXFileReference; lastKnownFileType = sourcecode.swift; path = ContentViewController.swift; sourceTree = "<group>"; };
		EDF33E75244A075E00D5E499 /* Alert.swift */ = {isa = PBXFileReference; lastKnownFileType = sourcecode.swift; path = Alert.swift; sourceTree = "<group>"; };
/* End PBXFileReference section */

/* Begin PBXFrameworksBuildPhase section */
		EDEF225E243A4A3100B251DC /* Frameworks */ = {
			isa = PBXFrameworksBuildPhase;
			buildActionMask = 2147483647;
			files = (
				5F8BB5DD43B913EC4FC3A7A6 /* Pods_Jokes.framework in Frameworks */,
			);
			runOnlyForDeploymentPostprocessing = 0;
		};
/* End PBXFrameworksBuildPhase section */

/* Begin PBXGroup section */
		5665D33F914E12A3F7E9D748 /* Frameworks */ = {
			isa = PBXGroup;
			children = (
				66CF00E3D28B2913679F86EF /* Pods_Jokes.framework */,
			);
			name = Frameworks;
			sourceTree = "<group>";
		};
		C04F5EAE0CAB05FB2EB339D0 /* Pods */ = {
			isa = PBXGroup;
			children = (
				0147E90D38C787D802F0F1BD /* Pods-Jokes.debug.xcconfig */,
				E613E9C47F0FF025C745F933 /* Pods-Jokes.release.xcconfig */,
			);
			path = Pods;
			sourceTree = "<group>";
		};
		ED11B94D244896FC00856AB9 /* Helpers */ = {
			isa = PBXGroup;
			children = (
				ED11B94E2448972000856AB9 /* RateManager.swift */,
				EDE3F52A2448DE6400074B94 /* Connectivity.swift */,
				EDF33E75244A075E00D5E499 /* Alert.swift */,
				ED7499DF244B364A003E99DC /* RealmHelpers.swift */,
				ED7499E3244B7C02003E99DC /* Sharing.swift */,
				ED8E7761244E2F8A00A08BCB /* UserLocalNotifications.swift */,
			);
			path = Helpers;
			sourceTree = "<group>";
		};
		ED256D432448A44400A5B997 /* Сommon */ = {
			isa = PBXGroup;
			children = (
				EDEF2278243A4ADC00B251DC /* extention */,
				EDEF2289243A55F400B251DC /* custon View */,
				ED2D47C2243D3A4200A48523 /* Network */,
				ED64D4DF243CD20F009E3EB2 /* Model */,
				ED11B94D244896FC00856AB9 /* Helpers */,
			);
			path = "Сommon";
			sourceTree = "<group>";
		};
		ED256D442448A46F00A5B997 /* ContentViewController */ = {
			isa = PBXGroup;
			children = (
				ED39AFF9243DF43A00133DA3 /* ContentCVCell.swift */,
				EDEF228A243B063600B251DC /* ContentViewController.swift */,
				ED6E21EB2452BF0C003644F5 /* ContentViewModel.swift */,
			);
			path = ContentViewController;
			sourceTree = "<group>";
		};
		ED2D47C2243D3A4200A48523 /* Network */ = {
			isa = PBXGroup;
			children = (
				ED64D4E4243CDE26009E3EB2 /* Server.swift */,
			);
			path = Network;
			sourceTree = "<group>";
		};
		ED64D4DF243CD20F009E3EB2 /* Model */ = {
			isa = PBXGroup;
			children = (
				ED64D4E0243CD225009E3EB2 /* cellModel.swift */,
				ED7499E1244B3A94003E99DC /* localSaveData.swift */,
				ED82D364244CAB07006657D3 /* adUnitID.swift */,
				ED4128A6244DBD0900EC610C /* notificationCenterName.swift */,
				ED8E7763244E316100A08BCB /* userNotifications.swift */,
			);
			path = Model;
			sourceTree = "<group>";
		};
		ED64D4E8243CE87C009E3EB2 /* Controllers */ = {
			isa = PBXGroup;
			children = (
				ED256D442448A46F00A5B997 /* ContentViewController */,
				EDEF2268243A4A3100B251DC /* AuthViewController.swift */,
			);
			path = Controllers;
			sourceTree = "<group>";
		};
		ED683128244A4CF3008D3882 /* Foundation */ = {
			isa = PBXGroup;
			children = (
				ED683129244A4D02008D3882 /* String + extention.swift */,
			);
			path = Foundation;
			sourceTree = "<group>";
		};
		EDEF2258243A4A3100B251DC = {
			isa = PBXGroup;
			children = (
				EDEF2263243A4A3100B251DC /* Jokes */,
				EDEF2262243A4A3100B251DC /* Products */,
				C04F5EAE0CAB05FB2EB339D0 /* Pods */,
				5665D33F914E12A3F7E9D748 /* Frameworks */,
			);
			sourceTree = "<group>";
		};
		EDEF2262243A4A3100B251DC /* Products */ = {
			isa = PBXGroup;
			children = (
				EDEF2261243A4A3100B251DC /* Infinity meme.app */,
			);
			name = Products;
			sourceTree = "<group>";
		};
		EDEF2263243A4A3100B251DC /* Jokes */ = {
			isa = PBXGroup;
			children = (
				ED256D432448A44400A5B997 /* Сommon */,
				ED64D4E8243CE87C009E3EB2 /* Controllers */,
				EDEF2272243A4A3400B251DC /* Info.plist */,
				ED64D4E2243CDAB6009E3EB2 /* GoogleService-Info.plist */,
				EDEF226D243A4A3400B251DC /* Assets.xcassets */,
				EDEF2288243A52A000B251DC /* support */,
			);
			path = Jokes;
			sourceTree = "<group>";
		};
		EDEF2278243A4ADC00B251DC /* extention */ = {
			isa = PBXGroup;
			children = (
				ED683128244A4CF3008D3882 /* Foundation */,
				EDEF2279243A4AE400B251DC /* UIKit */,
			);
			path = extention;
			sourceTree = "<group>";
		};
		EDEF2279243A4AE400B251DC /* UIKit */ = {
			isa = PBXGroup;
			children = (
				EDEF227A243A4AF700B251DC /* UIButton + extention.swift */,
				EDEF227C243A4B2900B251DC /* UIColor + extention.swift */,
				EDEF227E243A4B9C00B251DC /* UIFont + extention.swift */,
				EDEF2280243A4BB100B251DC /* UILabel + extention.swift */,
				EDEF2282243A4BC800B251DC /* UIImageView + extention.swift */,
				EDEF2284243A4BDB00B251DC /* UIStackView + extention.swift */,
				ED64D4E6243CDEDF009E3EB2 /* UITextField + extention.swift */,
				ED3154E924460F4300A96512 /* UICollectionView + extention.swift */,
				ED3154EB244611FF00A96512 /* UICollectionViewFlowLayout + extention.swift */,
				ED3154F024461B4300A96512 /* UIViewController + extention.swift */,
			);
			path = UIKit;
			sourceTree = "<group>";
		};
		EDEF2288243A52A000B251DC /* support */ = {
			isa = PBXGroup;
			children = (
				EDEF2264243A4A3100B251DC /* AppDelegate.swift */,
				EDEF2266243A4A3100B251DC /* SceneDelegate.swift */,
				EDEF226F243A4A3400B251DC /* LaunchScreen.storyboard */,
			);
			path = support;
			sourceTree = "<group>";
		};
		EDEF2289243A55F400B251DC /* custon View */ = {
			isa = PBXGroup;
			children = (
				EDEF2286243A4DF400B251DC /* TextFieldBottonLine.swift */,
				EDB2F3D5244218A00087D73D /* ImageScrollView.swift */,
			);
			path = "custon View";
			sourceTree = "<group>";
		};
/* End PBXGroup section */

/* Begin PBXNativeTarget section */
		EDEF2260243A4A3100B251DC /* Jokes */ = {
			isa = PBXNativeTarget;
			buildConfigurationList = EDEF2275243A4A3400B251DC /* Build configuration list for PBXNativeTarget "Jokes" */;
			buildPhases = (
				E221F430AC1A7172987B44D0 /* [CP] Check Pods Manifest.lock */,
				EDEF225D243A4A3100B251DC /* Sources */,
				EDEF225E243A4A3100B251DC /* Frameworks */,
				EDEF225F243A4A3100B251DC /* Resources */,
				C178A1031133CECDED5352D1 /* [CP] Embed Pods Frameworks */,
			);
			buildRules = (
			);
			dependencies = (
			);
			name = Jokes;
			productName = Jokes;
			productReference = EDEF2261243A4A3100B251DC /* Infinity meme.app */;
			productType = "com.apple.product-type.application";
		};
/* End PBXNativeTarget section */

/* Begin PBXProject section */
		EDEF2259243A4A3100B251DC /* Project object */ = {
			isa = PBXProject;
			attributes = {
				LastSwiftUpdateCheck = 1130;
				LastUpgradeCheck = 1130;
				ORGANIZATIONNAME = "Кирилл";
				TargetAttributes = {
					EDEF2260243A4A3100B251DC = {
						CreatedOnToolsVersion = 11.3.1;
					};
				};
			};
			buildConfigurationList = EDEF225C243A4A3100B251DC /* Build configuration list for PBXProject "Jokes" */;
			compatibilityVersion = "Xcode 9.3";
			developmentRegion = en;
			hasScannedForEncodings = 0;
			knownRegions = (
				en,
				Base,
			);
			mainGroup = EDEF2258243A4A3100B251DC;
			productRefGroup = EDEF2262243A4A3100B251DC /* Products */;
			projectDirPath = "";
			projectRoot = "";
			targets = (
				EDEF2260243A4A3100B251DC /* Jokes */,
			);
		};
/* End PBXProject section */

/* Begin PBXResourcesBuildPhase section */
		EDEF225F243A4A3100B251DC /* Resources */ = {
			isa = PBXResourcesBuildPhase;
			buildActionMask = 2147483647;
			files = (
				EDEF2271243A4A3400B251DC /* LaunchScreen.storyboard in Resources */,
				EDEF226E243A4A3400B251DC /* Assets.xcassets in Resources */,
				ED64D4E3243CDAB6009E3EB2 /* GoogleService-Info.plist in Resources */,
			);
			runOnlyForDeploymentPostprocessing = 0;
		};
/* End PBXResourcesBuildPhase section */

/* Begin PBXShellScriptBuildPhase section */
		C178A1031133CECDED5352D1 /* [CP] Embed Pods Frameworks */ = {
			isa = PBXShellScriptBuildPhase;
			buildActionMask = 2147483647;
			files = (
			);
			inputFileListPaths = (
				"${PODS_ROOT}/Target Support Files/Pods-Jokes/Pods-Jokes-frameworks-${CONFIGURATION}-input-files.xcfilelist",
			);
			name = "[CP] Embed Pods Frameworks";
			outputFileListPaths = (
				"${PODS_ROOT}/Target Support Files/Pods-Jokes/Pods-Jokes-frameworks-${CONFIGURATION}-output-files.xcfilelist",
			);
			runOnlyForDeploymentPostprocessing = 0;
			shellPath = /bin/sh;
			shellScript = "\"${PODS_ROOT}/Target Support Files/Pods-Jokes/Pods-Jokes-frameworks.sh\"\n";
			showEnvVarsInLog = 0;
		};
		E221F430AC1A7172987B44D0 /* [CP] Check Pods Manifest.lock */ = {
			isa = PBXShellScriptBuildPhase;
			buildActionMask = 2147483647;
			files = (
			);
			inputFileListPaths = (
			);
			inputPaths = (
				"${PODS_PODFILE_DIR_PATH}/Podfile.lock",
				"${PODS_ROOT}/Manifest.lock",
			);
			name = "[CP] Check Pods Manifest.lock";
			outputFileListPaths = (
			);
			outputPaths = (
				"$(DERIVED_FILE_DIR)/Pods-Jokes-checkManifestLockResult.txt",
			);
			runOnlyForDeploymentPostprocessing = 0;
			shellPath = /bin/sh;
			shellScript = "diff \"${PODS_PODFILE_DIR_PATH}/Podfile.lock\" \"${PODS_ROOT}/Manifest.lock\" > /dev/null\nif [ $? != 0 ] ; then\n    # print error to STDERR\n    echo \"error: The sandbox is not in sync with the Podfile.lock. Run 'pod install' or update your CocoaPods installation.\" >&2\n    exit 1\nfi\n# This output is used by Xcode 'outputs' to avoid re-running this script phase.\necho \"SUCCESS\" > \"${SCRIPT_OUTPUT_FILE_0}\"\n";
			showEnvVarsInLog = 0;
		};
/* End PBXShellScriptBuildPhase section */

/* Begin PBXSourcesBuildPhase section */
		EDEF225D243A4A3100B251DC /* Sources */ = {
			isa = PBXSourcesBuildPhase;
			buildActionMask = 2147483647;
			files = (
				EDEF227B243A4AF700B251DC /* UIButton + extention.swift in Sources */,
				ED8E7764244E316100A08BCB /* userNotifications.swift in Sources */,
				ED7499E2244B3A94003E99DC /* localSaveData.swift in Sources */,
				ED3154EA24460F4300A96512 /* UICollectionView + extention.swift in Sources */,
				EDEF227F243A4B9C00B251DC /* UIFont + extention.swift in Sources */,
				ED39AFFA243DF43A00133DA3 /* ContentCVCell.swift in Sources */,
				EDEF2285243A4BDB00B251DC /* UIStackView + extention.swift in Sources */,
				ED64D4E5243CDE26009E3EB2 /* Server.swift in Sources */,
				EDEF2269243A4A3100B251DC /* AuthViewController.swift in Sources */,
				ED68312A244A4D02008D3882 /* String + extention.swift in Sources */,
				ED4128A7244DBD0900EC610C /* notificationCenterName.swift in Sources */,
				ED11B94F2448972000856AB9 /* RateManager.swift in Sources */,
				EDF33E76244A075E00D5E499 /* Alert.swift in Sources */,
				EDEF2265243A4A3100B251DC /* AppDelegate.swift in Sources */,
				EDEF2287243A4DF400B251DC /* TextFieldBottonLine.swift in Sources */,
				ED3154EC244611FF00A96512 /* UICollectionViewFlowLayout + extention.swift in Sources */,
				ED64D4E1243CD225009E3EB2 /* cellModel.swift in Sources */,
				EDEF227D243A4B2900B251DC /* UIColor + extention.swift in Sources */,
				EDB2F3D6244218A00087D73D /* ImageScrollView.swift in Sources */,
				ED3154F124461B4300A96512 /* UIViewController + extention.swift in Sources */,
				EDEF2283243A4BC800B251DC /* UIImageView + extention.swift in Sources */,
				EDE3F52B2448DE6400074B94 /* Connectivity.swift in Sources */,
				ED6E21EC2452BF0C003644F5 /* ContentViewModel.swift in Sources */,
				EDEF228B243B063600B251DC /* ContentViewController.swift in Sources */,
				EDEF2267243A4A3100B251DC /* SceneDelegate.swift in Sources */,
				ED8E7762244E2F8A00A08BCB /* UserLocalNotifications.swift in Sources */,
				ED7499E4244B7C02003E99DC /* Sharing.swift in Sources */,
				ED64D4E7243CDEDF009E3EB2 /* UITextField + extention.swift in Sources */,
				ED82D365244CAB07006657D3 /* adUnitID.swift in Sources */,
				EDEF2281243A4BB100B251DC /* UILabel + extention.swift in Sources */,
				ED7499E0244B364A003E99DC /* RealmHelpers.swift in Sources */,
			);
			runOnlyForDeploymentPostprocessing = 0;
		};
/* End PBXSourcesBuildPhase section */

/* Begin PBXVariantGroup section */
		EDEF226F243A4A3400B251DC /* LaunchScreen.storyboard */ = {
			isa = PBXVariantGroup;
			children = (
				EDEF2270243A4A3400B251DC /* Base */,
			);
			name = LaunchScreen.storyboard;
			sourceTree = "<group>";
		};
/* End PBXVariantGroup section */

/* Begin XCBuildConfiguration section */
		EDEF2273243A4A3400B251DC /* Debug */ = {
			isa = XCBuildConfiguration;
			buildSettings = {
				ALWAYS_SEARCH_USER_PATHS = NO;
				CLANG_ANALYZER_NONNULL = YES;
				CLANG_ANALYZER_NUMBER_OBJECT_CONVERSION = YES_AGGRESSIVE;
				CLANG_CXX_LANGUAGE_STANDARD = "gnu++14";
				CLANG_CXX_LIBRARY = "libc++";
				CLANG_ENABLE_MODULES = YES;
				CLANG_ENABLE_OBJC_ARC = YES;
				CLANG_ENABLE_OBJC_WEAK = YES;
				CLANG_WARN_BLOCK_CAPTURE_AUTORELEASING = YES;
				CLANG_WARN_BOOL_CONVERSION = YES;
				CLANG_WARN_COMMA = YES;
				CLANG_WARN_CONSTANT_CONVERSION = YES;
				CLANG_WARN_DEPRECATED_OBJC_IMPLEMENTATIONS = YES;
				CLANG_WARN_DIRECT_OBJC_ISA_USAGE = YES_ERROR;
				CLANG_WARN_DOCUMENTATION_COMMENTS = YES;
				CLANG_WARN_EMPTY_BODY = YES;
				CLANG_WARN_ENUM_CONVERSION = YES;
				CLANG_WARN_INFINITE_RECURSION = YES;
				CLANG_WARN_INT_CONVERSION = YES;
				CLANG_WARN_NON_LITERAL_NULL_CONVERSION = YES;
				CLANG_WARN_OBJC_IMPLICIT_RETAIN_SELF = YES;
				CLANG_WARN_OBJC_LITERAL_CONVERSION = YES;
				CLANG_WARN_OBJC_ROOT_CLASS = YES_ERROR;
				CLANG_WARN_RANGE_LOOP_ANALYSIS = YES;
				CLANG_WARN_STRICT_PROTOTYPES = YES;
				CLANG_WARN_SUSPICIOUS_MOVE = YES;
				CLANG_WARN_UNGUARDED_AVAILABILITY = YES_AGGRESSIVE;
				CLANG_WARN_UNREACHABLE_CODE = YES;
				CLANG_WARN__DUPLICATE_METHOD_MATCH = YES;
				COPY_PHASE_STRIP = NO;
				DEBUG_INFORMATION_FORMAT = dwarf;
				ENABLE_STRICT_OBJC_MSGSEND = YES;
				ENABLE_TESTABILITY = YES;
				GCC_C_LANGUAGE_STANDARD = gnu11;
				GCC_DYNAMIC_NO_PIC = NO;
				GCC_NO_COMMON_BLOCKS = YES;
				GCC_OPTIMIZATION_LEVEL = 0;
				GCC_PREPROCESSOR_DEFINITIONS = (
					"DEBUG=1",
					"$(inherited)",
				);
				GCC_WARN_64_TO_32_BIT_CONVERSION = YES;
				GCC_WARN_ABOUT_RETURN_TYPE = YES_ERROR;
				GCC_WARN_UNDECLARED_SELECTOR = YES;
				GCC_WARN_UNINITIALIZED_AUTOS = YES_AGGRESSIVE;
				GCC_WARN_UNUSED_FUNCTION = YES;
				GCC_WARN_UNUSED_VARIABLE = YES;
				IPHONEOS_DEPLOYMENT_TARGET = 13.2;
				MTL_ENABLE_DEBUG_INFO = INCLUDE_SOURCE;
				MTL_FAST_MATH = YES;
				ONLY_ACTIVE_ARCH = YES;
				SDKROOT = iphoneos;
				SWIFT_ACTIVE_COMPILATION_CONDITIONS = DEBUG;
				SWIFT_OPTIMIZATION_LEVEL = "-Onone";
			};
			name = Debug;
		};
		EDEF2274243A4A3400B251DC /* Release */ = {
			isa = XCBuildConfiguration;
			buildSettings = {
				ALWAYS_SEARCH_USER_PATHS = NO;
				CLANG_ANALYZER_NONNULL = YES;
				CLANG_ANALYZER_NUMBER_OBJECT_CONVERSION = YES_AGGRESSIVE;
				CLANG_CXX_LANGUAGE_STANDARD = "gnu++14";
				CLANG_CXX_LIBRARY = "libc++";
				CLANG_ENABLE_MODULES = YES;
				CLANG_ENABLE_OBJC_ARC = YES;
				CLANG_ENABLE_OBJC_WEAK = YES;
				CLANG_WARN_BLOCK_CAPTURE_AUTORELEASING = YES;
				CLANG_WARN_BOOL_CONVERSION = YES;
				CLANG_WARN_COMMA = YES;
				CLANG_WARN_CONSTANT_CONVERSION = YES;
				CLANG_WARN_DEPRECATED_OBJC_IMPLEMENTATIONS = YES;
				CLANG_WARN_DIRECT_OBJC_ISA_USAGE = YES_ERROR;
				CLANG_WARN_DOCUMENTATION_COMMENTS = YES;
				CLANG_WARN_EMPTY_BODY = YES;
				CLANG_WARN_ENUM_CONVERSION = YES;
				CLANG_WARN_INFINITE_RECURSION = YES;
				CLANG_WARN_INT_CONVERSION = YES;
				CLANG_WARN_NON_LITERAL_NULL_CONVERSION = YES;
				CLANG_WARN_OBJC_IMPLICIT_RETAIN_SELF = YES;
				CLANG_WARN_OBJC_LITERAL_CONVERSION = YES;
				CLANG_WARN_OBJC_ROOT_CLASS = YES_ERROR;
				CLANG_WARN_RANGE_LOOP_ANALYSIS = YES;
				CLANG_WARN_STRICT_PROTOTYPES = YES;
				CLANG_WARN_SUSPICIOUS_MOVE = YES;
				CLANG_WARN_UNGUARDED_AVAILABILITY = YES_AGGRESSIVE;
				CLANG_WARN_UNREACHABLE_CODE = YES;
				CLANG_WARN__DUPLICATE_METHOD_MATCH = YES;
				COPY_PHASE_STRIP = NO;
				DEBUG_INFORMATION_FORMAT = "dwarf-with-dsym";
				ENABLE_NS_ASSERTIONS = NO;
				ENABLE_STRICT_OBJC_MSGSEND = YES;
				GCC_C_LANGUAGE_STANDARD = gnu11;
				GCC_NO_COMMON_BLOCKS = YES;
				GCC_WARN_64_TO_32_BIT_CONVERSION = YES;
				GCC_WARN_ABOUT_RETURN_TYPE = YES_ERROR;
				GCC_WARN_UNDECLARED_SELECTOR = YES;
				GCC_WARN_UNINITIALIZED_AUTOS = YES_AGGRESSIVE;
				GCC_WARN_UNUSED_FUNCTION = YES;
				GCC_WARN_UNUSED_VARIABLE = YES;
				IPHONEOS_DEPLOYMENT_TARGET = 13.2;
				MTL_ENABLE_DEBUG_INFO = NO;
				MTL_FAST_MATH = YES;
				SDKROOT = iphoneos;
				SWIFT_COMPILATION_MODE = wholemodule;
				SWIFT_OPTIMIZATION_LEVEL = "-O";
				VALIDATE_PRODUCT = YES;
			};
			name = Release;
		};
		EDEF2276243A4A3400B251DC /* Debug */ = {
			isa = XCBuildConfiguration;
			baseConfigurationReference = 0147E90D38C787D802F0F1BD /* Pods-Jokes.debug.xcconfig */;
			buildSettings = {
				ASSETCATALOG_COMPILER_APPICON_NAME = AppIcon;
				CODE_SIGN_STYLE = Automatic;
				DEVELOPMENT_TEAM = ZQ27S689GF;
				INFOPLIST_FILE = Jokes/Info.plist;
				LD_RUNPATH_SEARCH_PATHS = (
					"$(inherited)",
					"@executable_path/Frameworks",
				);
				PRODUCT_BUNDLE_IDENTIFIER = com.infinitymeme.app;
				PRODUCT_NAME = "Infinity meme";
				SWIFT_VERSION = 5.0;
				TARGETED_DEVICE_FAMILY = 1;
			};
			name = Debug;
		};
		EDEF2277243A4A3400B251DC /* Release */ = {
			isa = XCBuildConfiguration;
			baseConfigurationReference = E613E9C47F0FF025C745F933 /* Pods-Jokes.release.xcconfig */;
			buildSettings = {
				ASSETCATALOG_COMPILER_APPICON_NAME = AppIcon;
				CODE_SIGN_STYLE = Automatic;
				DEVELOPMENT_TEAM = ZQ27S689GF;
				INFOPLIST_FILE = Jokes/Info.plist;
				LD_RUNPATH_SEARCH_PATHS = (
					"$(inherited)",
					"@executable_path/Frameworks",
				);
				PRODUCT_BUNDLE_IDENTIFIER = com.infinitymeme.app;
				PRODUCT_NAME = "Infinity meme";
				SWIFT_VERSION = 5.0;
				TARGETED_DEVICE_FAMILY = 1;
			};
			name = Release;
		};
/* End XCBuildConfiguration section */

/* Begin XCConfigurationList section */
		EDEF225C243A4A3100B251DC /* Build configuration list for PBXProject "Jokes" */ = {
			isa = XCConfigurationList;
			buildConfigurations = (
				EDEF2273243A4A3400B251DC /* Debug */,
				EDEF2274243A4A3400B251DC /* Release */,
			);
			defaultConfigurationIsVisible = 0;
			defaultConfigurationName = Release;
		};
		EDEF2275243A4A3400B251DC /* Build configuration list for PBXNativeTarget "Jokes" */ = {
			isa = XCConfigurationList;
			buildConfigurations = (
				EDEF2276243A4A3400B251DC /* Debug */,
				EDEF2277243A4A3400B251DC /* Release */,
			);
			defaultConfigurationIsVisible = 0;
			defaultConfigurationName = Release;
		};
/* End XCConfigurationList section */
	};
	rootObject = EDEF2259243A4A3100B251DC /* Project object */;
}
